
Microsoft Visual Studio Solution File, Format Version 12.00
# Visual Studio Version 16
VisualStudioVersion = 16.0.31829.152
MinimumVisualStudioVersion = 10.0.40219.1
Project("{FAE04EC0-301F-11D3-BF4B-00C04F79EFBC}") = "HashTablesAndBST", "HashTablesAndBST.csproj", "{33641AC3-BB28-448D-8D71-C0B75407CC52}"
EndProject
Global
	GlobalSection(SolutionConfigurationPlatforms) = preSolution
		Debug|Any CPU = Debug|Any CPU
		Release|Any CPU = Release|Any CPU
	EndGlobalSection
	GlobalSection(ProjectConfigurationPlatforms) = postSolution
		{33641AC3-BB28-448D-8D71-C0B75407CC52}.Debug|Any CPU.ActiveCfg = Debug|Any CPU
		{33641AC3-BB28-448D-8D71-C0B75407CC52}.Debug|Any CPU.Build.0 = Debug|Any CPU
		{33641AC3-BB28-448D-8D71-C0B75407CC52}.Release|Any CPU.ActiveCfg = Release|Any CPU
		{33641AC3-BB28-448D-8D71-C0B75407CC52}.Release|Any CPU.Build.0 = Release|Any CPU
	EndGlobalSection
	GlobalSection(SolutionProperties) = preSolution
		HideSolutionNode = FALSE
	EndGlobalSection
	GlobalSection(ExtensibilityGlobals) = postSolution
		SolutionGuid = {DDCF9F4A-BC16-409B-B7BD-719FB60B9FB3}
	EndGlobalSection
EndGlobal
